
Microsoft Visual Studio Solution File, Format Version 12.00
# Visual Studio Version 16
VisualStudioVersion = 16.0.31205.134
MinimumVisualStudioVersion = 10.0.40219.1
Project("{FAE04EC0-301F-11D3-BF4B-00C04F79EFBC}") = "ConnectFour", "ConnectFour\ConnectFour.csproj", "{EBFC5DC1-40E6-4A59-B06A-345B46CB94E8}"
EndProject
Project("{FAE04EC0-301F-11D3-BF4B-00C04F79EFBC}") = "ConnectFourTests", "ConnectFourTests\ConnectFourTests.csproj", "{A0DF59BD-59A4-4BCE-BCA2-89F9BBADE94B}"
EndProject
Global
	GlobalSection(SolutionConfigurationPlatforms) = preSolution
		Debug|Any CPU = Debug|Any CPU
		Release|Any CPU = Release|Any CPU
	EndGlobalSection
	GlobalSection(ProjectConfigurationPlatforms) = postSolution
		{EBFC5DC1-40E6-4A59-B06A-345B46CB94E8}.Debug|Any CPU.ActiveCfg = Debug|Any CPU
		{EBFC5DC1-40E6-4A59-B06A-345B46CB94E8}.Debug|Any CPU.Build.0 = Debug|Any CPU
		{EBFC5DC1-40E6-4A59-B06A-345B46CB94E8}.Release|Any CPU.ActiveCfg = Release|Any CPU
		{EBFC5DC1-40E6-4A59-B06A-345B46CB94E8}.Release|Any CPU.Build.0 = Release|Any CPU
		{A0DF59BD-59A4-4BCE-BCA2-89F9BBADE94B}.Debug|Any CPU.ActiveCfg = Debug|Any CPU
		{A0DF59BD-59A4-4BCE-BCA2-89F9BBADE94B}.Debug|Any CPU.Build.0 = Debug|Any CPU
		{A0DF59BD-59A4-4BCE-BCA2-89F9BBADE94B}.Release|Any CPU.ActiveCfg = Release|Any CPU
		{A0DF59BD-59A4-4BCE-BCA2-89F9BBADE94B}.Release|Any CPU.Build.0 = Release|Any CPU
	EndGlobalSection
	GlobalSection(SolutionProperties) = preSolution
		HideSolutionNode = FALSE
	EndGlobalSection
	GlobalSection(ExtensibilityGlobals) = postSolution
		SolutionGuid = {F177979F-D598-46A8-9399-0DF88D9C8DAB}
	EndGlobalSection
EndGlobal
